// !$*UTF8*$!
{
	archiveVersion = 1;
	classes = {
	};
	objectVersion = 46;
	objects = {

/* Begin PBXBuildFile section */
		F435D30B1C6AC73900C8E4FF /* main.cpp in Sources */ = {isa = PBXBuildFile; fileRef = F435D30A1C6AC73900C8E4FF /* main.cpp */; };
		F435D3131C6AC7E400C8E4FF /* GLUT.framework in Frameworks */ = {isa = PBXBuildFile; fileRef = F435D3111C6AC7E400C8E4FF /* GLUT.framework */; };
		F435D3141C6AC7E400C8E4FF /* OpenGL.framework in Frameworks */ = {isa = PBXBuildFile; fileRef = F435D3121C6AC7E400C8E4FF /* OpenGL.framework */; };
/* End PBXBuildFile section */

/* Begin PBXCopyFilesBuildPhase section */
		F435D3051C6AC73900C8E4FF /* CopyFiles */ = {
			isa = PBXCopyFilesBuildPhase;
			buildActionMask = 2147483647;
			dstPath = /usr/share/man/man1/;
			dstSubfolderSpec = 0;
			files = (
			);
			runOnlyForDeploymentPostprocessing = 1;
		};
/* End PBXCopyFilesBuildPhase section */

/* Begin PBXFileReference section */
		F435D3071C6AC73900C8E4FF /* memorama */ = {isa = PBXFileReference; explicitFileType = "compiled.mach-o.executable"; includeInIndex = 0; path = memorama; sourceTree = BUILT_PRODUCTS_DIR; };
		F435D30A1C6AC73900C8E4FF /* main.cpp */ = {isa = PBXFileReference; lastKnownFileType = sourcecode.cpp.cpp; path = main.cpp; sourceTree = "<group>"; };
		F435D3111C6AC7E400C8E4FF /* GLUT.framework */ = {isa = PBXFileReference; lastKnownFileType = wrapper.framework; name = GLUT.framework; path = System/Library/Frameworks/GLUT.framework; sourceTree = SDKROOT; };
		F435D3121C6AC7E400C8E4FF /* OpenGL.framework */ = {isa = PBXFileReference; lastKnownFileType = wrapper.framework; name = OpenGL.framework; path = System/Library/Frameworks/OpenGL.framework; sourceTree = SDKROOT; };
/* End PBXFileReference section */

/* Begin PBXFrameworksBuildPhase section */
		F435D3041C6AC73900C8E4FF /* Frameworks */ = {
			isa = PBXFrameworksBuildPhase;
			buildActionMask = 2147483647;
			files = (
				F435D3131C6AC7E400C8E4FF /* GLUT.framework in Frameworks */,
				F435D3141C6AC7E400C8E4FF /* OpenGL.framework in Frameworks */,
			);
			runOnlyForDeploymentPostprocessing = 0;
		};
/* End PBXFrameworksBuildPhase section */

/* Begin PBXGroup section */
		F435D2FE1C6AC73800C8E4FF = {
			isa = PBXGroup;
			children = (
				F435D3111C6AC7E400C8E4FF /* GLUT.framework */,
				F435D3121C6AC7E400C8E4FF /* OpenGL.framework */,
				F435D3091C6AC73900C8E4FF /* memorama */,
				F435D3081C6AC73900C8E4FF /* Products */,
			);
			sourceTree = "<group>";
		};
		F435D3081C6AC73900C8E4FF /* Products */ = {
			isa = PBXGroup;
			children = (
				F435D3071C6AC73900C8E4FF /* memorama */,
			);
			name = Products;
			sourceTree = "<group>";
		};
		F435D3091C6AC73900C8E4FF /* memorama */ = {
			isa = PBXGroup;
			children = (
				F435D30A1C6AC73900C8E4FF /* main.cpp */,
			);
			path = memorama;
			sourceTree = "<group>";
		};
/* End PBXGroup section */

/* Begin PBXNativeTarget section */
		F435D3061C6AC73900C8E4FF /* memorama */ = {
			isa = PBXNativeTarget;
			buildConfigurationList = F435D30E1C6AC73900C8E4FF /* Build configuration list for PBXNativeTarget "memorama" */;
			buildPhases = (
				F435D3031C6AC73900C8E4FF /* Sources */,
				F435D3041C6AC73900C8E4FF /* Frameworks */,
				F435D3051C6AC73900C8E4FF /* CopyFiles */,
			);
			buildRules = (
			);
			dependencies = (
			);
			name = memorama;
			productName = memorama;
			productReference = F435D3071C6AC73900C8E4FF /* memorama */;
			productType = "com.apple.product-type.tool";
		};
/* End PBXNativeTarget section */

/* Begin PBXProject section */
		F435D2FF1C6AC73800C8E4FF /* Project object */ = {
			isa = PBXProject;
			attributes = {
				LastUpgradeCheck = 0720;
				ORGANIZATIONNAME = "Jorge Luis Perales";
				TargetAttributes = {
					F435D3061C6AC73900C8E4FF = {
						CreatedOnToolsVersion = 7.2.1;
					};
				};
			};
			buildConfigurationList = F435D3021C6AC73800C8E4FF /* Build configuration list for PBXProject "memorama" */;
			compatibilityVersion = "Xcode 3.2";
			developmentRegion = English;
			hasScannedForEncodings = 0;
			knownRegions = (
				en,
			);
			mainGroup = F435D2FE1C6AC73800C8E4FF;
			productRefGroup = F435D3081C6AC73900C8E4FF /* Products */;
			projectDirPath = "";
			projectRoot = "";
			targets = (
				F435D3061C6AC73900C8E4FF /* memorama */,
			);
		};
/* End PBXProject section */

/* Begin PBXSourcesBuildPhase section */
		F435D3031C6AC73900C8E4FF /* Sources */ = {
			isa = PBXSourcesBuildPhase;
			buildActionMask = 2147483647;
			files = (
				F435D30B1C6AC73900C8E4FF /* main.cpp in Sources */,
			);
			runOnlyForDeploymentPostprocessing = 0;
		};
/* End PBXSourcesBuildPhase section */

/* Begin XCBuildConfiguration section */
		F435D30C1C6AC73900C8E4FF /* Debug */ = {
			isa = XCBuildConfiguration;
			buildSettings = {
				ALWAYS_SEARCH_USER_PATHS = NO;
				CLANG_CXX_LANGUAGE_STANDARD = "gnu++0x";
				CLANG_CXX_LIBRARY = "libc++";
				CLANG_ENABLE_MODULES = YES;
				CLANG_ENABLE_OBJC_ARC = YES;
				CLANG_WARN_BOOL_CONVERSION = YES;
				CLANG_WARN_CONSTANT_CONVERSION = YES;
				CLANG_WARN_DIRECT_OBJC_ISA_USAGE = YES_ERROR;
				CLANG_WARN_EMPTY_BODY = YES;
				CLANG_WARN_ENUM_CONVERSION = YES;
				CLANG_WARN_INT_CONVERSION = YES;
				CLANG_WARN_OBJC_ROOT_CLASS = YES_ERROR;
				CLANG_WARN_UNREACHABLE_CODE = YES;
				CLANG_WARN__DUPLICATE_METHOD_MATCH = YES;
				CODE_SIGN_IDENTITY = "-";
				COPY_PHASE_STRIP = NO;
				DEBUG_INFORMATION_FORMAT = dwarf;
				ENABLE_STRICT_OBJC_MSGSEND = YES;
				ENABLE_TESTABILITY = YES;
				GCC_C_LANGUAGE_STANDARD = gnu99;
				GCC_DYNAMIC_NO_PIC = NO;
				GCC_NO_COMMON_BLOCKS = YES;
				GCC_OPTIMIZATION_LEVEL = 0;
				GCC_PREPROCESSOR_DEFINITIONS = (
					"DEBUG=1",
					"$(inherited)",
				);
				GCC_WARN_64_TO_32_BIT_CONVERSION = YES;
				GCC_WARN_ABOUT_RETURN_TYPE = YES_ERROR;
				GCC_WARN_UNDECLARED_SELECTOR = YES;
				GCC_WARN_UNINITIALIZED_AUTOS = YES_AGGRESSIVE;
				GCC_WARN_UNUSED_FUNCTION = YES;
				GCC_WARN_UNUSED_VARIABLE = YES;
				MACOSX_DEPLOYMENT_TARGET = 10.11;
				MTL_ENABLE_DEBUG_INFO = YES;
				ONLY_ACTIVE_ARCH = YES;
				SDKROOT = macosx;
			};
			name = Debug;
		};
		F435D30D1C6AC73900C8E4FF /* Release */ = {
			isa = XCBuildConfiguration;
			buildSettings = {
				ALWAYS_SEARCH_USER_PATHS = NO;
				CLANG_CXX_LANGUAGE_STANDARD = "gnu++0x";
				CLANG_CXX_LIBRARY = "libc++";
				CLANG_ENABLE_MODULES = YES;
				CLANG_ENABLE_OBJC_ARC = YES;
				CLANG_WARN_BOOL_CONVERSION = YES;
				CLANG_WARN_CONSTANT_CONVERSION = YES;
				CLANG_WARN_DIRECT_OBJC_ISA_USAGE = YES_ERROR;
				CLANG_WARN_EMPTY_BODY = YES;
				CLANG_WARN_ENUM_CONVERSION = YES;
				CLANG_WARN_INT_CONVERSION = YES;
				CLANG_WARN_OBJC_ROOT_CLASS = YES_ERROR;
				CLANG_WARN_UNREACHABLE_CODE = YES;
				CLANG_WARN__DUPLICATE_METHOD_MATCH = YES;
				CODE_SIGN_IDENTITY = "-";
				COPY_PHASE_STRIP = NO;
				DEBUG_INFORMATION_FORMAT = "dwarf-with-dsym";
				ENABLE_NS_ASSERTIONS = NO;
				ENABLE_STRICT_OBJC_MSGSEND = YES;
				GCC_C_LANGUAGE_STANDARD = gnu99;
				GCC_NO_COMMON_BLOCKS = YES;
				GCC_WARN_64_TO_32_BIT_CONVERSION = YES;
				GCC_WARN_ABOUT_RETURN_TYPE = YES_ERROR;
				GCC_WARN_UNDECLARED_SELECTOR = YES;
				GCC_WARN_UNINITIALIZED_AUTOS = YES_AGGRESSIVE;
				GCC_WARN_UNUSED_FUNCTION = YES;
				GCC_WARN_UNUSED_VARIABLE = YES;
				MACOSX_DEPLOYMENT_TARGET = 10.11;
				MTL_ENABLE_DEBUG_INFO = NO;
				SDKROOT = macosx;
			};
			name = Release;
		};
		F435D30F1C6AC73900C8E4FF /* Debug */ = {
			isa = XCBuildConfiguration;
			buildSettings = {
				PRODUCT_NAME = "$(TARGET_NAME)";
			};
			name = Debug;
		};
		F435D3101C6AC73900C8E4FF /* Release */ = {
			isa = XCBuildConfiguration;
			buildSettings = {
				PRODUCT_NAME = "$(TARGET_NAME)";
			};
			name = Release;
		};
/* End XCBuildConfiguration section */

/* Begin XCConfigurationList section */
		F435D3021C6AC73800C8E4FF /* Build configuration list for PBXProject "memorama" */ = {
			isa = XCConfigurationList;
			buildConfigurations = (
				F435D30C1C6AC73900C8E4FF /* Debug */,
				F435D30D1C6AC73900C8E4FF /* Release */,
			);
			defaultConfigurationIsVisible = 0;
			defaultConfigurationName = Release;
		};
		F435D30E1C6AC73900C8E4FF /* Build configuration list for PBXNativeTarget "memorama" */ = {
			isa = XCConfigurationList;
			buildConfigurations = (
				F435D30F1C6AC73900C8E4FF /* Debug */,
				F435D3101C6AC73900C8E4FF /* Release */,
			);
			defaultConfigurationIsVisible = 0;
		};
/* End XCConfigurationList section */
	};
	rootObject = F435D2FF1C6AC73800C8E4FF /* Project object */;
}
